// !$*UTF8*$!
{
	archiveVersion = 1;
	classes = {
	};
	objectVersion = 50;
	objects = {

/* Begin PBXBuildFile section */
		95E80A41217CCC1A0070DA11 /* AppDelegate.swift in Sources */ = {isa = PBXBuildFile; fileRef = 95E80A40217CCC1A0070DA11 /* AppDelegate.swift */; };
		95E80A43217CCC1A0070DA11 /* SplashScreenViewController.swift in Sources */ = {isa = PBXBuildFile; fileRef = 95E80A42217CCC1A0070DA11 /* SplashScreenViewController.swift */; };
		95E80A48217CCC1B0070DA11 /* Assets.xcassets in Resources */ = {isa = PBXBuildFile; fileRef = 95E80A47217CCC1B0070DA11 /* Assets.xcassets */; };
		95E80A4B217CCC1B0070DA11 /* LaunchScreen.storyboard in Resources */ = {isa = PBXBuildFile; fileRef = 95E80A49217CCC1B0070DA11 /* LaunchScreen.storyboard */; };
		95E80A56217CCC1C0070DA11 /* Vsevolod_BanTests.swift in Sources */ = {isa = PBXBuildFile; fileRef = 95E80A55217CCC1C0070DA11 /* Vsevolod_BanTests.swift */; };
		95E80A6D217CCE520070DA11 /* MainViewController.swift in Sources */ = {isa = PBXBuildFile; fileRef = 95E80A6C217CCE520070DA11 /* MainViewController.swift */; };
		95E80A70217CCE8D0070DA11 /* MainInteractor.swift in Sources */ = {isa = PBXBuildFile; fileRef = 95E80A6F217CCE8D0070DA11 /* MainInteractor.swift */; };
		95E80A72217CCEA00070DA11 /* MainINteractorProtocol.swift in Sources */ = {isa = PBXBuildFile; fileRef = 95E80A71217CCEA00070DA11 /* MainINteractorProtocol.swift */; };
		95E80A74217CCEAE0070DA11 /* MainWireframe.swift in Sources */ = {isa = PBXBuildFile; fileRef = 95E80A73217CCEAE0070DA11 /* MainWireframe.swift */; };
		95E80A76217CCEBC0070DA11 /* MainWireframeProtocol.swift in Sources */ = {isa = PBXBuildFile; fileRef = 95E80A75217CCEBC0070DA11 /* MainWireframeProtocol.swift */; };
		95E80A78217CCED00070DA11 /* SplashScreenWireframe.swift in Sources */ = {isa = PBXBuildFile; fileRef = 95E80A77217CCED00070DA11 /* SplashScreenWireframe.swift */; };
		95E80A7A217CCEE10070DA11 /* SplashScreenWireframeProtocol.swift in Sources */ = {isa = PBXBuildFile; fileRef = 95E80A79217CCEE10070DA11 /* SplashScreenWireframeProtocol.swift */; };
		95E80A7C217CCF0D0070DA11 /* MainViewController.storyboard in Resources */ = {isa = PBXBuildFile; fileRef = 95E80A7B217CCF0D0070DA11 /* MainViewController.storyboard */; };
		95E80A7F217CD0490070DA11 /* Identifierable.swift in Sources */ = {isa = PBXBuildFile; fileRef = 95E80A7E217CD0490070DA11 /* Identifierable.swift */; };
		95E80A81217CD0870070DA11 /* SplashScreenViewController.storyboard in Resources */ = {isa = PBXBuildFile; fileRef = 95E80A80217CD0870070DA11 /* SplashScreenViewController.storyboard */; };
		95E80A83217CDC4C0070DA11 /* UIWindow.swift in Sources */ = {isa = PBXBuildFile; fileRef = 95E80A82217CDC4C0070DA11 /* UIWindow.swift */; };
		95E80A85217CDD5F0070DA11 /* RootWIreframe.swift in Sources */ = {isa = PBXBuildFile; fileRef = 95E80A84217CDD5F0070DA11 /* RootWIreframe.swift */; };
		95E80A89217CE5ED0070DA11 /* PhotoTableViewCell.swift in Sources */ = {isa = PBXBuildFile; fileRef = 95E80A87217CE5ED0070DA11 /* PhotoTableViewCell.swift */; };
		95E80A8A217CE5ED0070DA11 /* PhotoTableViewCell.xib in Resources */ = {isa = PBXBuildFile; fileRef = 95E80A88217CE5ED0070DA11 /* PhotoTableViewCell.xib */; };
		95E80A8C217CEA2B0070DA11 /* Default-568h@2x.png in Resources */ = {isa = PBXBuildFile; fileRef = 95E80A8B217CEA2B0070DA11 /* Default-568h@2x.png */; };
		95E80A8E217D09560070DA11 /* ImagesProtocol.swift in Sources */ = {isa = PBXBuildFile; fileRef = 95E80A8D217D09560070DA11 /* ImagesProtocol.swift */; };
		95E80A90217D0E890070DA11 /* Results.swift in Sources */ = {isa = PBXBuildFile; fileRef = 95E80A8F217D0E890070DA11 /* Results.swift */; };
		95E80A92217D103A0070DA11 /* URLGenerator.swift in Sources */ = {isa = PBXBuildFile; fileRef = 95E80A91217D103A0070DA11 /* URLGenerator.swift */; };
/* End PBXBuildFile section */

/* Begin PBXContainerItemProxy section */
		95E80A52217CCC1C0070DA11 /* PBXContainerItemProxy */ = {
			isa = PBXContainerItemProxy;
			containerPortal = 95E80A35217CCC1A0070DA11 /* Project object */;
			proxyType = 1;
			remoteGlobalIDString = 95E80A3C217CCC1A0070DA11;
			remoteInfo = "Vsevolod Ban";
		};
/* End PBXContainerItemProxy section */

/* Begin PBXFileReference section */
		95E80A3D217CCC1A0070DA11 /* Vsevolod Ban.app */ = {isa = PBXFileReference; explicitFileType = wrapper.application; includeInIndex = 0; path = "Vsevolod Ban.app"; sourceTree = BUILT_PRODUCTS_DIR; };
		95E80A40217CCC1A0070DA11 /* AppDelegate.swift */ = {isa = PBXFileReference; lastKnownFileType = sourcecode.swift; path = AppDelegate.swift; sourceTree = "<group>"; };
		95E80A42217CCC1A0070DA11 /* SplashScreenViewController.swift */ = {isa = PBXFileReference; lastKnownFileType = sourcecode.swift; path = SplashScreenViewController.swift; sourceTree = "<group>"; };
		95E80A47217CCC1B0070DA11 /* Assets.xcassets */ = {isa = PBXFileReference; lastKnownFileType = folder.assetcatalog; path = Assets.xcassets; sourceTree = "<group>"; };
		95E80A4A217CCC1B0070DA11 /* Base */ = {isa = PBXFileReference; lastKnownFileType = file.storyboard; name = Base; path = Base.lproj/LaunchScreen.storyboard; sourceTree = "<group>"; };
		95E80A4C217CCC1B0070DA11 /* Info.plist */ = {isa = PBXFileReference; lastKnownFileType = text.plist.xml; path = Info.plist; sourceTree = "<group>"; };
		95E80A51217CCC1C0070DA11 /* Vsevolod BanTests.xctest */ = {isa = PBXFileReference; explicitFileType = wrapper.cfbundle; includeInIndex = 0; path = "Vsevolod BanTests.xctest"; sourceTree = BUILT_PRODUCTS_DIR; };
		95E80A55217CCC1C0070DA11 /* Vsevolod_BanTests.swift */ = {isa = PBXFileReference; lastKnownFileType = sourcecode.swift; path = Vsevolod_BanTests.swift; sourceTree = "<group>"; };
		95E80A57217CCC1C0070DA11 /* Info.plist */ = {isa = PBXFileReference; lastKnownFileType = text.plist.xml; path = Info.plist; sourceTree = "<group>"; };
		95E80A6C217CCE520070DA11 /* MainViewController.swift */ = {isa = PBXFileReference; lastKnownFileType = sourcecode.swift; path = MainViewController.swift; sourceTree = "<group>"; };
		95E80A6F217CCE8D0070DA11 /* MainInteractor.swift */ = {isa = PBXFileReference; lastKnownFileType = sourcecode.swift; path = MainInteractor.swift; sourceTree = "<group>"; };
		95E80A71217CCEA00070DA11 /* MainINteractorProtocol.swift */ = {isa = PBXFileReference; lastKnownFileType = sourcecode.swift; path = MainINteractorProtocol.swift; sourceTree = "<group>"; };
		95E80A73217CCEAE0070DA11 /* MainWireframe.swift */ = {isa = PBXFileReference; lastKnownFileType = sourcecode.swift; path = MainWireframe.swift; sourceTree = "<group>"; };
		95E80A75217CCEBC0070DA11 /* MainWireframeProtocol.swift */ = {isa = PBXFileReference; lastKnownFileType = sourcecode.swift; path = MainWireframeProtocol.swift; sourceTree = "<group>"; };
		95E80A77217CCED00070DA11 /* SplashScreenWireframe.swift */ = {isa = PBXFileReference; lastKnownFileType = sourcecode.swift; path = SplashScreenWireframe.swift; sourceTree = "<group>"; };
		95E80A79217CCEE10070DA11 /* SplashScreenWireframeProtocol.swift */ = {isa = PBXFileReference; lastKnownFileType = sourcecode.swift; path = SplashScreenWireframeProtocol.swift; sourceTree = "<group>"; };
		95E80A7B217CCF0D0070DA11 /* MainViewController.storyboard */ = {isa = PBXFileReference; lastKnownFileType = file.storyboard; path = MainViewController.storyboard; sourceTree = "<group>"; };
		95E80A7E217CD0490070DA11 /* Identifierable.swift */ = {isa = PBXFileReference; lastKnownFileType = sourcecode.swift; path = Identifierable.swift; sourceTree = "<group>"; };
		95E80A80217CD0870070DA11 /* SplashScreenViewController.storyboard */ = {isa = PBXFileReference; lastKnownFileType = file.storyboard; path = SplashScreenViewController.storyboard; sourceTree = "<group>"; };
		95E80A82217CDC4C0070DA11 /* UIWindow.swift */ = {isa = PBXFileReference; lastKnownFileType = sourcecode.swift; path = UIWindow.swift; sourceTree = "<group>"; };
		95E80A84217CDD5F0070DA11 /* RootWIreframe.swift */ = {isa = PBXFileReference; lastKnownFileType = sourcecode.swift; path = RootWIreframe.swift; sourceTree = "<group>"; };
		95E80A87217CE5ED0070DA11 /* PhotoTableViewCell.swift */ = {isa = PBXFileReference; lastKnownFileType = sourcecode.swift; path = PhotoTableViewCell.swift; sourceTree = "<group>"; };
		95E80A88217CE5ED0070DA11 /* PhotoTableViewCell.xib */ = {isa = PBXFileReference; lastKnownFileType = file.xib; path = PhotoTableViewCell.xib; sourceTree = "<group>"; };
		95E80A8B217CEA2B0070DA11 /* Default-568h@2x.png */ = {isa = PBXFileReference; lastKnownFileType = image.png; path = "Default-568h@2x.png"; sourceTree = "<group>"; };
		95E80A8D217D09560070DA11 /* ImagesProtocol.swift */ = {isa = PBXFileReference; lastKnownFileType = sourcecode.swift; path = ImagesProtocol.swift; sourceTree = "<group>"; };
		95E80A8F217D0E890070DA11 /* Results.swift */ = {isa = PBXFileReference; lastKnownFileType = sourcecode.swift; path = Results.swift; sourceTree = "<group>"; };
		95E80A91217D103A0070DA11 /* URLGenerator.swift */ = {isa = PBXFileReference; lastKnownFileType = sourcecode.swift; path = URLGenerator.swift; sourceTree = "<group>"; };
/* End PBXFileReference section */

/* Begin PBXFrameworksBuildPhase section */
		95E80A3A217CCC1A0070DA11 /* Frameworks */ = {
			isa = PBXFrameworksBuildPhase;
			buildActionMask = 2147483647;
			files = (
			);
			runOnlyForDeploymentPostprocessing = 0;
		};
		95E80A4E217CCC1C0070DA11 /* Frameworks */ = {
			isa = PBXFrameworksBuildPhase;
			buildActionMask = 2147483647;
			files = (
			);
			runOnlyForDeploymentPostprocessing = 0;
		};
/* End PBXFrameworksBuildPhase section */

/* Begin PBXGroup section */
		95E80A34217CCC1A0070DA11 = {
			isa = PBXGroup;
			children = (
				95E80A3F217CCC1A0070DA11 /* Vsevolod Ban */,
				95E80A54217CCC1C0070DA11 /* Vsevolod BanTests */,
				95E80A3E217CCC1A0070DA11 /* Products */,
			);
			sourceTree = "<group>";
		};
		95E80A3E217CCC1A0070DA11 /* Products */ = {
			isa = PBXGroup;
			children = (
				95E80A3D217CCC1A0070DA11 /* Vsevolod Ban.app */,
				95E80A51217CCC1C0070DA11 /* Vsevolod BanTests.xctest */,
			);
			name = Products;
			sourceTree = "<group>";
		};
		95E80A3F217CCC1A0070DA11 /* Vsevolod Ban */ = {
			isa = PBXGroup;
			children = (
				95E80A65217CCDAD0070DA11 /* Modules */,
				95E80A63217CCD910070DA11 /* Common */,
				95E80A64217CCD970070DA11 /* Supporting Files */,
				95E80A40217CCC1A0070DA11 /* AppDelegate.swift */,
				95E80A84217CDD5F0070DA11 /* RootWIreframe.swift */,
				95E80A8B217CEA2B0070DA11 /* Default-568h@2x.png */,
			);
			path = "Vsevolod Ban";
			sourceTree = "<group>";
		};
		95E80A54217CCC1C0070DA11 /* Vsevolod BanTests */ = {
			isa = PBXGroup;
			children = (
				95E80A55217CCC1C0070DA11 /* Vsevolod_BanTests.swift */,
				95E80A57217CCC1C0070DA11 /* Info.plist */,
			);
			path = "Vsevolod BanTests";
			sourceTree = "<group>";
		};
		95E80A60217CCD5D0070DA11 /* Splash Screen */ = {
			isa = PBXGroup;
			children = (
				95E80A68217CCDF70070DA11 /* Routing */,
				95E80A66217CCDE90070DA11 /* User Interface */,
			);
			path = "Splash Screen";
			sourceTree = "<group>";
		};
		95E80A62217CCD7A0070DA11 /* Main Screen */ = {
			isa = PBXGroup;
			children = (
				95E80A6B217CCE310070DA11 /* Routing */,
				95E80A6A217CCE1C0070DA11 /* Business Logic */,
				95E80A69217CCE140070DA11 /* User Interface */,
			);
			path = "Main Screen";
			sourceTree = "<group>";
		};
		95E80A63217CCD910070DA11 /* Common */ = {
			isa = PBXGroup;
			children = (
				95E80A7D217CD01B0070DA11 /* Extensions */,
			);
			path = Common;
			sourceTree = "<group>";
		};
		95E80A64217CCD970070DA11 /* Supporting Files */ = {
			isa = PBXGroup;
			children = (
				95E80A49217CCC1B0070DA11 /* LaunchScreen.storyboard */,
				95E80A47217CCC1B0070DA11 /* Assets.xcassets */,
				95E80A4C217CCC1B0070DA11 /* Info.plist */,
			);
			path = "Supporting Files";
			sourceTree = "<group>";
		};
		95E80A65217CCDAD0070DA11 /* Modules */ = {
			isa = PBXGroup;
			children = (
				95E80A60217CCD5D0070DA11 /* Splash Screen */,
				95E80A62217CCD7A0070DA11 /* Main Screen */,
			);
			path = Modules;
			sourceTree = "<group>";
		};
		95E80A66217CCDE90070DA11 /* User Interface */ = {
			isa = PBXGroup;
			children = (
				95E80A42217CCC1A0070DA11 /* SplashScreenViewController.swift */,
				95E80A80217CD0870070DA11 /* SplashScreenViewController.storyboard */,
			);
			path = "User Interface";
			sourceTree = "<group>";
		};
		95E80A68217CCDF70070DA11 /* Routing */ = {
			isa = PBXGroup;
			children = (
				95E80A77217CCED00070DA11 /* SplashScreenWireframe.swift */,
				95E80A79217CCEE10070DA11 /* SplashScreenWireframeProtocol.swift */,
			);
			path = Routing;
			sourceTree = "<group>";
		};
		95E80A69217CCE140070DA11 /* User Interface */ = {
			isa = PBXGroup;
			children = (
				95E80A86217CE5CE0070DA11 /* Cells */,
				95E80A6C217CCE520070DA11 /* MainViewController.swift */,
				95E80A7B217CCF0D0070DA11 /* MainViewController.storyboard */,
			);
			path = "User Interface";
			sourceTree = "<group>";
		};
		95E80A6A217CCE1C0070DA11 /* Business Logic */ = {
			isa = PBXGroup;
			children = (
				95E80A6F217CCE8D0070DA11 /* MainInteractor.swift */,
				95E80A71217CCEA00070DA11 /* MainINteractorProtocol.swift */,
			);
			path = "Business Logic";
			sourceTree = "<group>";
		};
		95E80A6B217CCE310070DA11 /* Routing */ = {
			isa = PBXGroup;
			children = (
				95E80A73217CCEAE0070DA11 /* MainWireframe.swift */,
				95E80A75217CCEBC0070DA11 /* MainWireframeProtocol.swift */,
			);
			path = Routing;
			sourceTree = "<group>";
		};
		95E80A7D217CD01B0070DA11 /* Extensions */ = {
			isa = PBXGroup;
			children = (
				95E80A7E217CD0490070DA11 /* Identifierable.swift */,
				95E80A82217CDC4C0070DA11 /* UIWindow.swift */,
				95E80A8D217D09560070DA11 /* ImagesProtocol.swift */,
				95E80A8F217D0E890070DA11 /* Results.swift */,
				95E80A91217D103A0070DA11 /* URLGenerator.swift */,
			);
			path = Extensions;
			sourceTree = "<group>";
		};
		95E80A86217CE5CE0070DA11 /* Cells */ = {
			isa = PBXGroup;
			children = (
				95E80A87217CE5ED0070DA11 /* PhotoTableViewCell.swift */,
				95E80A88217CE5ED0070DA11 /* PhotoTableViewCell.xib */,
			);
			path = Cells;
			sourceTree = "<group>";
		};
/* End PBXGroup section */

/* Begin PBXNativeTarget section */
		95E80A3C217CCC1A0070DA11 /* Vsevolod Ban */ = {
			isa = PBXNativeTarget;
			buildConfigurationList = 95E80A5A217CCC1C0070DA11 /* Build configuration list for PBXNativeTarget "Vsevolod Ban" */;
			buildPhases = (
				95E80A39217CCC1A0070DA11 /* Sources */,
				95E80A3A217CCC1A0070DA11 /* Frameworks */,
				95E80A3B217CCC1A0070DA11 /* Resources */,
			);
			buildRules = (
			);
			dependencies = (
			);
			name = "Vsevolod Ban";
			productName = "Vsevolod Ban";
			productReference = 95E80A3D217CCC1A0070DA11 /* Vsevolod Ban.app */;
			productType = "com.apple.product-type.application";
		};
		95E80A50217CCC1C0070DA11 /* Vsevolod BanTests */ = {
			isa = PBXNativeTarget;
			buildConfigurationList = 95E80A5D217CCC1C0070DA11 /* Build configuration list for PBXNativeTarget "Vsevolod BanTests" */;
			buildPhases = (
				95E80A4D217CCC1C0070DA11 /* Sources */,
				95E80A4E217CCC1C0070DA11 /* Frameworks */,
				95E80A4F217CCC1C0070DA11 /* Resources */,
			);
			buildRules = (
			);
			dependencies = (
				95E80A53217CCC1C0070DA11 /* PBXTargetDependency */,
			);
			name = "Vsevolod BanTests";
			productName = "Vsevolod BanTests";
			productReference = 95E80A51217CCC1C0070DA11 /* Vsevolod BanTests.xctest */;
			productType = "com.apple.product-type.bundle.unit-test";
		};
/* End PBXNativeTarget section */

/* Begin PBXProject section */
		95E80A35217CCC1A0070DA11 /* Project object */ = {
			isa = PBXProject;
			attributes = {
				LastSwiftUpdateCheck = 1000;
				LastUpgradeCheck = 1000;
				ORGANIZATIONNAME = "Vsevolod Ban";
				TargetAttributes = {
					95E80A3C217CCC1A0070DA11 = {
						CreatedOnToolsVersion = 10.0;
					};
					95E80A50217CCC1C0070DA11 = {
						CreatedOnToolsVersion = 10.0;
						TestTargetID = 95E80A3C217CCC1A0070DA11;
					};
				};
			};
			buildConfigurationList = 95E80A38217CCC1A0070DA11 /* Build configuration list for PBXProject "Vsevolod Ban" */;
			compatibilityVersion = "Xcode 9.3";
			developmentRegion = en;
			hasScannedForEncodings = 0;
			knownRegions = (
				en,
				Base,
			);
			mainGroup = 95E80A34217CCC1A0070DA11;
			productRefGroup = 95E80A3E217CCC1A0070DA11 /* Products */;
			projectDirPath = "";
			projectRoot = "";
			targets = (
				95E80A3C217CCC1A0070DA11 /* Vsevolod Ban */,
				95E80A50217CCC1C0070DA11 /* Vsevolod BanTests */,
			);
		};
/* End PBXProject section */

/* Begin PBXResourcesBuildPhase section */
		95E80A3B217CCC1A0070DA11 /* Resources */ = {
			isa = PBXResourcesBuildPhase;
			buildActionMask = 2147483647;
			files = (
				95E80A4B217CCC1B0070DA11 /* LaunchScreen.storyboard in Resources */,
				95E80A48217CCC1B0070DA11 /* Assets.xcassets in Resources */,
				95E80A8A217CE5ED0070DA11 /* PhotoTableViewCell.xib in Resources */,
				95E80A81217CD0870070DA11 /* SplashScreenViewController.storyboard in Resources */,
				95E80A7C217CCF0D0070DA11 /* MainViewController.storyboard in Resources */,
				95E80A8C217CEA2B0070DA11 /* Default-568h@2x.png in Resources */,
			);
			runOnlyForDeploymentPostprocessing = 0;
		};
		95E80A4F217CCC1C0070DA11 /* Resources */ = {
			isa = PBXResourcesBuildPhase;
			buildActionMask = 2147483647;
			files = (
			);
			runOnlyForDeploymentPostprocessing = 0;
		};
/* End PBXResourcesBuildPhase section */

/* Begin PBXSourcesBuildPhase section */
		95E80A39217CCC1A0070DA11 /* Sources */ = {
			isa = PBXSourcesBuildPhase;
			buildActionMask = 2147483647;
			files = (
				95E80A7F217CD0490070DA11 /* Identifierable.swift in Sources */,
				95E80A6D217CCE520070DA11 /* MainViewController.swift in Sources */,
				95E80A43217CCC1A0070DA11 /* SplashScreenViewController.swift in Sources */,
				95E80A76217CCEBC0070DA11 /* MainWireframeProtocol.swift in Sources */,
				95E80A90217D0E890070DA11 /* Results.swift in Sources */,
				95E80A85217CDD5F0070DA11 /* RootWIreframe.swift in Sources */,
				95E80A8E217D09560070DA11 /* ImagesProtocol.swift in Sources */,
				95E80A92217D103A0070DA11 /* URLGenerator.swift in Sources */,
				95E80A83217CDC4C0070DA11 /* UIWindow.swift in Sources */,
				95E80A7A217CCEE10070DA11 /* SplashScreenWireframeProtocol.swift in Sources */,
				95E80A78217CCED00070DA11 /* SplashScreenWireframe.swift in Sources */,
				95E80A41217CCC1A0070DA11 /* AppDelegate.swift in Sources */,
				95E80A74217CCEAE0070DA11 /* MainWireframe.swift in Sources */,
				95E80A89217CE5ED0070DA11 /* PhotoTableViewCell.swift in Sources */,
				95E80A70217CCE8D0070DA11 /* MainInteractor.swift in Sources */,
				95E80A72217CCEA00070DA11 /* MainINteractorProtocol.swift in Sources */,
			);
			runOnlyForDeploymentPostprocessing = 0;
		};
		95E80A4D217CCC1C0070DA11 /* Sources */ = {
			isa = PBXSourcesBuildPhase;
			buildActionMask = 2147483647;
			files = (
				95E80A56217CCC1C0070DA11 /* Vsevolod_BanTests.swift in Sources */,
			);
			runOnlyForDeploymentPostprocessing = 0;
		};
/* End PBXSourcesBuildPhase section */

/* Begin PBXTargetDependency section */
		95E80A53217CCC1C0070DA11 /* PBXTargetDependency */ = {
			isa = PBXTargetDependency;
			target = 95E80A3C217CCC1A0070DA11 /* Vsevolod Ban */;
			targetProxy = 95E80A52217CCC1C0070DA11 /* PBXContainerItemProxy */;
		};
/* End PBXTargetDependency section */

/* Begin PBXVariantGroup section */
		95E80A49217CCC1B0070DA11 /* LaunchScreen.storyboard */ = {
			isa = PBXVariantGroup;
			children = (
				95E80A4A217CCC1B0070DA11 /* Base */,
			);
			name = LaunchScreen.storyboard;
			sourceTree = "<group>";
		};
/* End PBXVariantGroup section */

/* Begin XCBuildConfiguration section */
		95E80A58217CCC1C0070DA11 /* Debug */ = {
			isa = XCBuildConfiguration;
			buildSettings = {
				ALWAYS_SEARCH_USER_PATHS = NO;
				CLANG_ANALYZER_NONNULL = YES;
				CLANG_ANALYZER_NUMBER_OBJECT_CONVERSION = YES_AGGRESSIVE;
				CLANG_CXX_LANGUAGE_STANDARD = "gnu++14";
				CLANG_CXX_LIBRARY = "libc++";
				CLANG_ENABLE_MODULES = YES;
				CLANG_ENABLE_OBJC_ARC = YES;
				CLANG_ENABLE_OBJC_WEAK = YES;
				CLANG_WARN_BLOCK_CAPTURE_AUTORELEASING = YES;
				CLANG_WARN_BOOL_CONVERSION = YES;
				CLANG_WARN_COMMA = YES;
				CLANG_WARN_CONSTANT_CONVERSION = YES;
				CLANG_WARN_DEPRECATED_OBJC_IMPLEMENTATIONS = YES;
				CLANG_WARN_DIRECT_OBJC_ISA_USAGE = YES_ERROR;
				CLANG_WARN_DOCUMENTATION_COMMENTS = YES;
				CLANG_WARN_EMPTY_BODY = YES;
				CLANG_WARN_ENUM_CONVERSION = YES;
				CLANG_WARN_INFINITE_RECURSION = YES;
				CLANG_WARN_INT_CONVERSION = YES;
				CLANG_WARN_NON_LITERAL_NULL_CONVERSION = YES;
				CLANG_WARN_OBJC_IMPLICIT_RETAIN_SELF = YES;
				CLANG_WARN_OBJC_LITERAL_CONVERSION = YES;
				CLANG_WARN_OBJC_ROOT_CLASS = YES_ERROR;
				CLANG_WARN_RANGE_LOOP_ANALYSIS = YES;
				CLANG_WARN_STRICT_PROTOTYPES = YES;
				CLANG_WARN_SUSPICIOUS_MOVE = YES;
				CLANG_WARN_UNGUARDED_AVAILABILITY = YES_AGGRESSIVE;
				CLANG_WARN_UNREACHABLE_CODE = YES;
				CLANG_WARN__DUPLICATE_METHOD_MATCH = YES;
				CODE_SIGN_IDENTITY = "iPhone Developer";
				COPY_PHASE_STRIP = NO;
				DEBUG_INFORMATION_FORMAT = dwarf;
				ENABLE_STRICT_OBJC_MSGSEND = YES;
				ENABLE_TESTABILITY = YES;
				GCC_C_LANGUAGE_STANDARD = gnu11;
				GCC_DYNAMIC_NO_PIC = NO;
				GCC_NO_COMMON_BLOCKS = YES;
				GCC_OPTIMIZATION_LEVEL = 0;
				GCC_PREPROCESSOR_DEFINITIONS = (
					"DEBUG=1",
					"$(inherited)",
				);
				GCC_WARN_64_TO_32_BIT_CONVERSION = YES;
				GCC_WARN_ABOUT_RETURN_TYPE = YES_ERROR;
				GCC_WARN_UNDECLARED_SELECTOR = YES;
				GCC_WARN_UNINITIALIZED_AUTOS = YES_AGGRESSIVE;
				GCC_WARN_UNUSED_FUNCTION = YES;
				GCC_WARN_UNUSED_VARIABLE = YES;
				IPHONEOS_DEPLOYMENT_TARGET = 12.0;
				MTL_ENABLE_DEBUG_INFO = INCLUDE_SOURCE;
				MTL_FAST_MATH = YES;
				ONLY_ACTIVE_ARCH = YES;
				SDKROOT = iphoneos;
				SWIFT_ACTIVE_COMPILATION_CONDITIONS = DEBUG;
				SWIFT_OPTIMIZATION_LEVEL = "-Onone";
			};
			name = Debug;
		};
		95E80A59217CCC1C0070DA11 /* Release */ = {
			isa = XCBuildConfiguration;
			buildSettings = {
				ALWAYS_SEARCH_USER_PATHS = NO;
				CLANG_ANALYZER_NONNULL = YES;
				CLANG_ANALYZER_NUMBER_OBJECT_CONVERSION = YES_AGGRESSIVE;
				CLANG_CXX_LANGUAGE_STANDARD = "gnu++14";
				CLANG_CXX_LIBRARY = "libc++";
				CLANG_ENABLE_MODULES = YES;
				CLANG_ENABLE_OBJC_ARC = YES;
				CLANG_ENABLE_OBJC_WEAK = YES;
				CLANG_WARN_BLOCK_CAPTURE_AUTORELEASING = YES;
				CLANG_WARN_BOOL_CONVERSION = YES;
				CLANG_WARN_COMMA = YES;
				CLANG_WARN_CONSTANT_CONVERSION = YES;
				CLANG_WARN_DEPRECATED_OBJC_IMPLEMENTATIONS = YES;
				CLANG_WARN_DIRECT_OBJC_ISA_USAGE = YES_ERROR;
				CLANG_WARN_DOCUMENTATION_COMMENTS = YES;
				CLANG_WARN_EMPTY_BODY = YES;
				CLANG_WARN_ENUM_CONVERSION = YES;
				CLANG_WARN_INFINITE_RECURSION = YES;
				CLANG_WARN_INT_CONVERSION = YES;
				CLANG_WARN_NON_LITERAL_NULL_CONVERSION = YES;
				CLANG_WARN_OBJC_IMPLICIT_RETAIN_SELF = YES;
				CLANG_WARN_OBJC_LITERAL_CONVERSION = YES;
				CLANG_WARN_OBJC_ROOT_CLASS = YES_ERROR;
				CLANG_WARN_RANGE_LOOP_ANALYSIS = YES;
				CLANG_WARN_STRICT_PROTOTYPES = YES;
				CLANG_WARN_SUSPICIOUS_MOVE = YES;
				CLANG_WARN_UNGUARDED_AVAILABILITY = YES_AGGRESSIVE;
				CLANG_WARN_UNREACHABLE_CODE = YES;
				CLANG_WARN__DUPLICATE_METHOD_MATCH = YES;
				CODE_SIGN_IDENTITY = "iPhone Developer";
				COPY_PHASE_STRIP = NO;
				DEBUG_INFORMATION_FORMAT = "dwarf-with-dsym";
				ENABLE_NS_ASSERTIONS = NO;
				ENABLE_STRICT_OBJC_MSGSEND = YES;
				GCC_C_LANGUAGE_STANDARD = gnu11;
				GCC_NO_COMMON_BLOCKS = YES;
				GCC_WARN_64_TO_32_BIT_CONVERSION = YES;
				GCC_WARN_ABOUT_RETURN_TYPE = YES_ERROR;
				GCC_WARN_UNDECLARED_SELECTOR = YES;
				GCC_WARN_UNINITIALIZED_AUTOS = YES_AGGRESSIVE;
				GCC_WARN_UNUSED_FUNCTION = YES;
				GCC_WARN_UNUSED_VARIABLE = YES;
				IPHONEOS_DEPLOYMENT_TARGET = 12.0;
				MTL_ENABLE_DEBUG_INFO = NO;
				MTL_FAST_MATH = YES;
				SDKROOT = iphoneos;
				SWIFT_COMPILATION_MODE = wholemodule;
				SWIFT_OPTIMIZATION_LEVEL = "-O";
				VALIDATE_PRODUCT = YES;
			};
			name = Release;
		};
		95E80A5B217CCC1C0070DA11 /* Debug */ = {
			isa = XCBuildConfiguration;
			buildSettings = {
				ASSETCATALOG_COMPILER_APPICON_NAME = AppIcon;
				CODE_SIGN_STYLE = Automatic;
				DEVELOPMENT_TEAM = M4M679ZJ5M;
				INFOPLIST_FILE = "$(SRCROOT)/Vsevolod BanTests/Info.plist";
				LD_RUNPATH_SEARCH_PATHS = (
					"$(inherited)",
					"@executable_path/Frameworks",
				);
				PRODUCT_BUNDLE_IDENTIFIER = "vb.Vsevolod-Ban";
				PRODUCT_NAME = "$(TARGET_NAME)";
				SWIFT_VERSION = 4.2;
				TARGETED_DEVICE_FAMILY = 1;
			};
			name = Debug;
		};
		95E80A5C217CCC1C0070DA11 /* Release */ = {
			isa = XCBuildConfiguration;
			buildSettings = {
				ASSETCATALOG_COMPILER_APPICON_NAME = AppIcon;
				CODE_SIGN_STYLE = Automatic;
				DEVELOPMENT_TEAM = M4M679ZJ5M;
				INFOPLIST_FILE = "$(SRCROOT)/Vsevolod BanTests/Info.plist";
				LD_RUNPATH_SEARCH_PATHS = (
					"$(inherited)",
					"@executable_path/Frameworks",
				);
				PRODUCT_BUNDLE_IDENTIFIER = "vb.Vsevolod-Ban";
				PRODUCT_NAME = "$(TARGET_NAME)";
				SWIFT_VERSION = 4.2;
				TARGETED_DEVICE_FAMILY = 1;
			};
			name = Release;
		};
		95E80A5E217CCC1C0070DA11 /* Debug */ = {
			isa = XCBuildConfiguration;
			buildSettings = {
				ALWAYS_EMBED_SWIFT_STANDARD_LIBRARIES = YES;
				BUNDLE_LOADER = "$(TEST_HOST)";
				CODE_SIGN_STYLE = Automatic;
				DEVELOPMENT_TEAM = M4M679ZJ5M;
				INFOPLIST_FILE = "Vsevolod BanTests/Info.plist";
				LD_RUNPATH_SEARCH_PATHS = (
					"$(inherited)",
					"@executable_path/Frameworks",
					"@loader_path/Frameworks",
				);
				PRODUCT_BUNDLE_IDENTIFIER = "vb.Vsevolod-BanTests";
				PRODUCT_NAME = "$(TARGET_NAME)";
				SWIFT_VERSION = 4.2;
				TARGETED_DEVICE_FAMILY = "1,2";
				TEST_HOST = "$(BUILT_PRODUCTS_DIR)/Vsevolod Ban.app/Vsevolod Ban";
			};
			name = Debug;
		};
		95E80A5F217CCC1C0070DA11 /* Release */ = {
			isa = XCBuildConfiguration;
			buildSettings = {
				ALWAYS_EMBED_SWIFT_STANDARD_LIBRARIES = YES;
				BUNDLE_LOADER = "$(TEST_HOST)";
				CODE_SIGN_STYLE = Automatic;
				DEVELOPMENT_TEAM = M4M679ZJ5M;
				INFOPLIST_FILE = "Vsevolod BanTests/Info.plist";
				LD_RUNPATH_SEARCH_PATHS = (
					"$(inherited)",
					"@executable_path/Frameworks",
					"@loader_path/Frameworks",
				);
				PRODUCT_BUNDLE_IDENTIFIER = "vb.Vsevolod-BanTests";
				PRODUCT_NAME = "$(TARGET_NAME)";
				SWIFT_VERSION = 4.2;
				TARGETED_DEVICE_FAMILY = "1,2";
				TEST_HOST = "$(BUILT_PRODUCTS_DIR)/Vsevolod Ban.app/Vsevolod Ban";
			};
			name = Release;
		};
/* End XCBuildConfiguration section */

/* Begin XCConfigurationList section */
		95E80A38217CCC1A0070DA11 /* Build configuration list for PBXProject "Vsevolod Ban" */ = {
			isa = XCConfigurationList;
			buildConfigurations = (
				95E80A58217CCC1C0070DA11 /* Debug */,
				95E80A59217CCC1C0070DA11 /* Release */,
			);
			defaultConfigurationIsVisible = 0;
			defaultConfigurationName = Release;
		};
		95E80A5A217CCC1C0070DA11 /* Build configuration list for PBXNativeTarget "Vsevolod Ban" */ = {
			isa = XCConfigurationList;
			buildConfigurations = (
				95E80A5B217CCC1C0070DA11 /* Debug */,
				95E80A5C217CCC1C0070DA11 /* Release */,
			);
			defaultConfigurationIsVisible = 0;
			defaultConfigurationName = Release;
		};
		95E80A5D217CCC1C0070DA11 /* Build configuration list for PBXNativeTarget "Vsevolod BanTests" */ = {
			isa = XCConfigurationList;
			buildConfigurations = (
				95E80A5E217CCC1C0070DA11 /* Debug */,
				95E80A5F217CCC1C0070DA11 /* Release */,
			);
			defaultConfigurationIsVisible = 0;
			defaultConfigurationName = Release;
		};
/* End XCConfigurationList section */
	};
	rootObject = 95E80A35217CCC1A0070DA11 /* Project object */;
}
